schema: '2.0'
stages:
  prepare:
    cmd: make prepare
    deps:
    - path: input/20250123_Teilmodell_Hoyerswerda
      hash: md5
      md5: 3272a2301c12051831ba875bcb5641e3.dir
      size: 71389250
      nfiles: 1
    - path: input/20250130_Teilmodell_Hoyerswerda
      hash: md5
      md5: 0e110ab27f923e8fefb85d5f73cf9975.dir
      size: 10041161
      nfiles: 2
    - path: input/germanWideFreight
      hash: md5
      md5: b0322affd41aef6276d7debc61667a99.dir
      size: 106527099
      nfiles: 2
    - path: input/gtfs
      hash: md5
      md5: 31f000198d1738d565b89e73733bd9ed.dir
      size: 197883446
      nfiles: 3
    - path: input/landuse
      hash: md5
      md5: 4c7811bc5f592b64d44881db1d14b27d.dir
      size: 1178952097
      nfiles: 5
    - path: input/osm
      hash: md5
      md5: a9feb92fc645e4a87ddaa273e13e6425.dir
      size: 4242318247
      nfiles: 1
    - path: input/shp
      hash: md5
      md5: 580148b3d708f187a6a6b556500b1d3a.dir
      size: 354474
      nfiles: 16
    - path: input/sumo
      hash: md5
      md5: 73902fdec1ead0ad2e40b5d6ff5d0c1a.dir
      size: 8124
      nfiles: 2
    outs:
    - path: input/before-calibration
      hash: md5
      md5: 7bfb4ee994866c40ca4ec75f13d47ce4.dir
      size: 5393314559
      nfiles: 28
  network:
    cmd: make 
      input/before-calibration/output/dresden-v1.1-network-with-pt.xml.gz
    deps:
    - path: Makefile
      hash: md5
      md5: 1cf2a349af1ed60a83e655f2ecf50d15
      size: 27829
    - path: input/gtfs
      hash: md5
      md5: 31f000198d1738d565b89e73733bd9ed.dir
      size: 197883446
      nfiles: 3
    - path: input/osm
      hash: md5
      md5: a9feb92fc645e4a87ddaa273e13e6425.dir
      size: 4242318247
      nfiles: 1
    - path: input/shp
      hash: md5
      md5: 580148b3d708f187a6a6b556500b1d3a.dir
      size: 354474
      nfiles: 16
    - path: input/sumo
      hash: md5
      md5: 73902fdec1ead0ad2e40b5d6ff5d0c1a.dir
      size: 8124
      nfiles: 2
    outs:
    - path: input/before-calibration/output/dresden-v1.1-network-with-pt.xml.gz
      hash: md5
      md5: 4c840afa6e0f02c07abb68e823e071f0
      size: 42866902
    - path: input/before-calibration/output/dresden-v1.1-transitSchedule.xml.gz
      hash: md5
      md5: 8b55bd61a55c21b626d815df4ea248cf
      size: 5311460
    - path: input/before-calibration/output/dresden-v1.1-transitVehicles.xml.gz
      hash: md5
      md5: 36e549d221040a3091720b702cfea8a9
      size: 229677
  population:
    cmd: make prepare SIM_PERIOD_DAYS=1.125
    deps:
    - path: Makefile
      hash: md5
      md5: 1cf2a349af1ed60a83e655f2ecf50d15
      size: 27829
    - path: input/20250123_Teilmodell_Hoyerswerda
      hash: md5
      md5: 3272a2301c12051831ba875bcb5641e3.dir
      size: 71389250
      nfiles: 1
    - path: input/20250130_Teilmodell_Hoyerswerda
      hash: md5
      md5: 0e110ab27f923e8fefb85d5f73cf9975.dir
      size: 10041161
      nfiles: 2
    - path: 
        input/before-calibration/output/dresden-small-scale-commercialTraffic-v1.1-100pct.xml.gz
      hash: md5
      md5: b4142fff33990baa56b469105fad71e2
      size: 9728867
    - path: input/before-calibration/output/dresden-v1.1-network-with-pt.xml.gz
      hash: md5
      md5: 4c840afa6e0f02c07abb68e823e071f0
      size: 42866902
    - path: input/before-calibration/output/prepare-100pct-persons.xml.gz
      hash: md5
      md5: 500641ad08e915b0658e69143fdc0912
      size: 103601959
    - path: input/germanWideFreight
      hash: md5
      md5: b0322affd41aef6276d7debc61667a99.dir
      size: 106527099
      nfiles: 2
    - path: input/gtfs
      hash: md5
      md5: 31f000198d1738d565b89e73733bd9ed.dir
      size: 197883446
      nfiles: 3
    - path: input/landuse
      hash: md5
      md5: 4c7811bc5f592b64d44881db1d14b27d.dir
      size: 1178952097
      nfiles: 5
    - path: input/osm
      hash: md5
      md5: a9feb92fc645e4a87ddaa273e13e6425.dir
      size: 4242318247
      nfiles: 1
    - path: input/shp
      hash: md5
      md5: 580148b3d708f187a6a6b556500b1d3a.dir
      size: 354474
      nfiles: 16
    - path: input/sumo
      hash: md5
      md5: 73902fdec1ead0ad2e40b5d6ff5d0c1a.dir
      size: 8124
      nfiles: 2
    params:
      params.yaml:
        sim_period_days: 1.125
    outs:
    - path: 
        input/before-calibration/output/dresden-v1.1-100pct.plans-initial.xml.gz
      hash: md5
      md5: 5b0d5d6cd566c1efa7794afe765caba9
      size: 126729858
    - path: 
        input/before-calibration/output/dresden-v1.1-10pct.plans-initial.xml.gz
      hash: md5
      md5: 6e56c54a357f7f592f561aca6b9f671c
      size: 13168449
    - path: 
        input/before-calibration/output/dresden-v1.1-1pct.plans-initial.xml.gz
      hash: md5
      md5: 9ae31b2b0d6eadb208779e47b7f9a939
      size: 1359703
    - path: 
        input/before-calibration/output/dresden-v1.1-activity-facilities.xml.gz
      hash: md5
      md5: 42700ca40a7f121b38eb3296c3f7d502
      size: 41884973
  persons:
    cmd: make input/before-calibration/output/prepare-100pct-persons.xml.gz 
      SIM_PERIOD_DAYS=1.125
    deps:
    - path: Makefile
      hash: md5
      md5: 1cf2a349af1ed60a83e655f2ecf50d15
      size: 27829
    - path: 
        input/before-calibration/output/prepare-100pct-short-trips.plans.xml.gz
      hash: md5
      md5: 153fd388f346ac4cc658485b98455a82
      size: 91330113
    params:
      params.yaml:
        sim_period_days: 1.125
    outs:
    - path: input/before-calibration/output/prepare-100pct-persons.xml.gz
      hash: md5
      md5: 500641ad08e915b0658e69143fdc0912
      size: 103601959
  run:
    cmd: make run-1pct-notimes SIM_PERIOD_DAYS=1.125 LAST_IT=500
    deps:
    - path: Makefile
      hash: md5
      md5: 1cf2a349af1ed60a83e655f2ecf50d15
      size: 27829
    - path: 
        input/before-calibration/output/dresden-v1.1-1pct.plans-initial.xml.gz
      hash: md5
      md5: 9ae31b2b0d6eadb208779e47b7f9a939
      size: 1359703
    - path: 
        input/before-calibration/output/dresden-v1.1-activity-facilities.xml.gz
      hash: md5
      md5: 42700ca40a7f121b38eb3296c3f7d502
      size: 41884973
    - path: input/before-calibration/output/dresden-v1.1-network-with-pt.xml.gz
      hash: md5
      md5: 4c840afa6e0f02c07abb68e823e071f0
      size: 42866902
    - path: input/before-calibration/output/dresden-v1.1-transitSchedule.xml.gz
      hash: md5
      md5: 8b55bd61a55c21b626d815df4ea248cf
      size: 5311460
    - path: input/before-calibration/output/dresden-v1.1-transitVehicles.xml.gz
      hash: md5
      md5: 36e549d221040a3091720b702cfea8a9
      size: 229677
    - path: input/prepare-config.xml
      hash: md5
      md5: 04fa53cdec2e200ed69917f4c3ea33b5
      size: 11125
    - path: pom.xml
      hash: md5
      md5: 490dad1a33ef5dc48c389f9f15c73850
      size: 9331
    - path: src/main/java
      hash: md5
      md5: ca3c81fefa396da1efc4cfb1e8ea160f.dir
      size: 254692
      nfiles: 35
    params:
      params.yaml:
        last_iteration: 500
        sim_period_days: 1.125
    outs:
    - path: output/dresden-v1.1-1pct-notimes
      hash: md5
      md5: 71607408f2d5ed195569b791d272db6c.dir
      size: 1952814204
      nfiles: 6242
  short_trips:
    cmd: make 
      input/before-calibration/output/prepare-100pct-short-trips.plans.xml.gz
    deps:
    - path: Makefile
      hash: md5
      md5: 1cf2a349af1ed60a83e655f2ecf50d15
      size: 27829
    - path: input/20250123_Teilmodell_Hoyerswerda
      hash: md5
      md5: 3272a2301c12051831ba875bcb5641e3.dir
      size: 71389250
      nfiles: 1
    - path: input/20250130_Teilmodell_Hoyerswerda
      hash: md5
      md5: 0e110ab27f923e8fefb85d5f73cf9975.dir
      size: 10041161
      nfiles: 2
    - path: input/landuse
      hash: md5
      md5: 4c7811bc5f592b64d44881db1d14b27d.dir
      size: 1178952097
      nfiles: 5
    - path: input/osm
      hash: md5
      md5: a9feb92fc645e4a87ddaa273e13e6425.dir
      size: 4242318247
      nfiles: 1
    - path: input/shp
      hash: md5
      md5: 580148b3d708f187a6a6b556500b1d3a.dir
      size: 354474
      nfiles: 16
    - path: input/sumo
      hash: md5
      md5: 73902fdec1ead0ad2e40b5d6ff5d0c1a.dir
      size: 8124
      nfiles: 2
    outs:
    - path: 
        input/before-calibration/output/prepare-100pct-short-trips.plans.xml.gz
      hash: md5
      md5: 153fd388f346ac4cc658485b98455a82
      size: 91330113
  commercial_traffic:
    cmd: make 
      input/before-calibration/output/dresden-small-scale-commercialTraffic-v1.1-100pct.xml.gz
    deps:
    - path: Makefile
      hash: md5
      md5: 1cf2a349af1ed60a83e655f2ecf50d15
      size: 27829
    - path: input/osm
      hash: md5
      md5: a9feb92fc645e4a87ddaa273e13e6425.dir
      size: 4242318247
      nfiles: 1
    - path: input/shp
      hash: md5
      md5: 580148b3d708f187a6a6b556500b1d3a.dir
      size: 354474
      nfiles: 16
    - path: input/smallScaleCommercialTraffic
      hash: md5
      md5: 586031a098cab849e35ba821437efe31.dir
      size: 17468843
      nfiles: 1
    - path: input/sumo
      hash: md5
      md5: 73902fdec1ead0ad2e40b5d6ff5d0c1a.dir
      size: 8124
      nfiles: 2
    outs:
    - path: 
        input/before-calibration/output/dresden-small-scale-commercialTraffic-v1.1-100pct.xml.gz
      hash: md5
      md5: b4142fff33990baa56b469105fad71e2
      size: 9728867
